
Microsoft Visual Studio Solution File, Format Version 12.00
# Visual Studio Version 16
VisualStudioVersion = 16.0.30717.126
MinimumVisualStudioVersion = 10.0.40219.1
Project("{FAE04EC0-301F-11D3-BF4B-00C04F79EFBC}") = "myGameV1", "myGameV1\myGameV1.csproj", "{FB353A4E-86AC-47AA-9077-8E53BB58BAD6}"
EndProject
Global
	GlobalSection(SolutionConfigurationPlatforms) = preSolution
		Debug|Any CPU = Debug|Any CPU
		Release|Any CPU = Release|Any CPU
	EndGlobalSection
	GlobalSection(ProjectConfigurationPlatforms) = postSolution
		{FB353A4E-86AC-47AA-9077-8E53BB58BAD6}.Debug|Any CPU.ActiveCfg = Debug|Any CPU
		{FB353A4E-86AC-47AA-9077-8E53BB58BAD6}.Debug|Any CPU.Build.0 = Debug|Any CPU
		{FB353A4E-86AC-47AA-9077-8E53BB58BAD6}.Release|Any CPU.ActiveCfg = Release|Any CPU
		{FB353A4E-86AC-47AA-9077-8E53BB58BAD6}.Release|Any CPU.Build.0 = Release|Any CPU
	EndGlobalSection
	GlobalSection(SolutionProperties) = preSolution
		HideSolutionNode = FALSE
	EndGlobalSection
	GlobalSection(ExtensibilityGlobals) = postSolution
		SolutionGuid = {C49F0114-8F40-4EDC-9F4F-C6631BFEF9E0}
	EndGlobalSection
EndGlobal
